// !$*UTF8*$!
{
	archiveVersion = 1;
	classes = {
	};
	objectVersion = 46;
	objects = {

/* Begin PBXBuildFile section */
		8A6F6C331EA67F160075A124 /* Mazda3Mini.swift in Sources */ = {isa = PBXBuildFile; fileRef = 8A6F6C321EA67F160075A124 /* Mazda3Mini.swift */; };
		8A99FABF1EA5347B00381EEC /* AppDelegate.swift in Sources */ = {isa = PBXBuildFile; fileRef = 8A99FABE1EA5347B00381EEC /* AppDelegate.swift */; };
		8A99FAC11EA5347B00381EEC /* ViewController.swift in Sources */ = {isa = PBXBuildFile; fileRef = 8A99FAC01EA5347B00381EEC /* ViewController.swift */; };
		8A99FAC41EA5347C00381EEC /* Main.storyboard in Resources */ = {isa = PBXBuildFile; fileRef = 8A99FAC21EA5347C00381EEC /* Main.storyboard */; };
		8A99FAC61EA5347C00381EEC /* Assets.xcassets in Resources */ = {isa = PBXBuildFile; fileRef = 8A99FAC51EA5347C00381EEC /* Assets.xcassets */; };
		8A99FAC91EA5347C00381EEC /* LaunchScreen.storyboard in Resources */ = {isa = PBXBuildFile; fileRef = 8A99FAC71EA5347C00381EEC /* LaunchScreen.storyboard */; };
		8A99FAD21EA53E8200381EEC /* Mazda3.swift in Sources */ = {isa = PBXBuildFile; fileRef = 8A99FAD11EA53E8100381EEC /* Mazda3.swift */; };
/* End PBXBuildFile section */

/* Begin PBXFileReference section */
		8A6F6C321EA67F160075A124 /* Mazda3Mini.swift */ = {isa = PBXFileReference; fileEncoding = 4; lastKnownFileType = sourcecode.swift; name = Mazda3Mini.swift; path = ../Mazda3Mini.swift; sourceTree = "<group>"; };
		8A99FABB1EA5347B00381EEC /* firstAppPOO.app */ = {isa = PBXFileReference; explicitFileType = wrapper.application; includeInIndex = 0; path = firstAppPOO.app; sourceTree = BUILT_PRODUCTS_DIR; };
		8A99FABE1EA5347B00381EEC /* AppDelegate.swift */ = {isa = PBXFileReference; lastKnownFileType = sourcecode.swift; path = AppDelegate.swift; sourceTree = "<group>"; };
		8A99FAC01EA5347B00381EEC /* ViewController.swift */ = {isa = PBXFileReference; lastKnownFileType = sourcecode.swift; path = ViewController.swift; sourceTree = "<group>"; };
		8A99FAC31EA5347C00381EEC /* Base */ = {isa = PBXFileReference; lastKnownFileType = file.storyboard; name = Base; path = Base.lproj/Main.storyboard; sourceTree = "<group>"; };
		8A99FAC51EA5347C00381EEC /* Assets.xcassets */ = {isa = PBXFileReference; lastKnownFileType = folder.assetcatalog; path = Assets.xcassets; sourceTree = "<group>"; };
		8A99FAC81EA5347C00381EEC /* Base */ = {isa = PBXFileReference; lastKnownFileType = file.storyboard; name = Base; path = Base.lproj/LaunchScreen.storyboard; sourceTree = "<group>"; };
		8A99FACA1EA5347C00381EEC /* Info.plist */ = {isa = PBXFileReference; lastKnownFileType = text.plist.xml; path = Info.plist; sourceTree = "<group>"; };
		8A99FAD01EA534D500381EEC /* MyPlaygroundPOO.playground */ = {isa = PBXFileReference; lastKnownFileType = file.playground; path = MyPlaygroundPOO.playground; sourceTree = "<group>"; };
		8A99FAD11EA53E8100381EEC /* Mazda3.swift */ = {isa = PBXFileReference; fileEncoding = 4; lastKnownFileType = sourcecode.swift; path = Mazda3.swift; sourceTree = "<group>"; };
/* End PBXFileReference section */

/* Begin PBXFrameworksBuildPhase section */
		8A99FAB81EA5347B00381EEC /* Frameworks */ = {
			isa = PBXFrameworksBuildPhase;
			buildActionMask = 2147483647;
			files = (
			);
			runOnlyForDeploymentPostprocessing = 0;
		};
/* End PBXFrameworksBuildPhase section */

/* Begin PBXGroup section */
		8A99FAB21EA5347B00381EEC = {
			isa = PBXGroup;
			children = (
				8A99FABD1EA5347B00381EEC /* firstAppPOO */,
				8A99FABC1EA5347B00381EEC /* Products */,
			);
			sourceTree = "<group>";
		};
		8A99FABC1EA5347B00381EEC /* Products */ = {
			isa = PBXGroup;
			children = (
				8A99FABB1EA5347B00381EEC /* firstAppPOO.app */,
			);
			name = Products;
			sourceTree = "<group>";
		};
		8A99FABD1EA5347B00381EEC /* firstAppPOO */ = {
			isa = PBXGroup;
			children = (
				8A99FABE1EA5347B00381EEC /* AppDelegate.swift */,
				8A99FAC01EA5347B00381EEC /* ViewController.swift */,
				8A99FAD11EA53E8100381EEC /* Mazda3.swift */,
				8A6F6C321EA67F160075A124 /* Mazda3Mini.swift */,
				8A99FAD01EA534D500381EEC /* MyPlaygroundPOO.playground */,
				8A99FAC21EA5347C00381EEC /* Main.storyboard */,
				8A99FAC51EA5347C00381EEC /* Assets.xcassets */,
				8A99FAC71EA5347C00381EEC /* LaunchScreen.storyboard */,
				8A99FACA1EA5347C00381EEC /* Info.plist */,
			);
			path = firstAppPOO;
			sourceTree = "<group>";
		};
/* End PBXGroup section */

/* Begin PBXNativeTarget section */
		8A99FABA1EA5347B00381EEC /* firstAppPOO */ = {
			isa = PBXNativeTarget;
			buildConfigurationList = 8A99FACD1EA5347C00381EEC /* Build configuration list for PBXNativeTarget "firstAppPOO" */;
			buildPhases = (
				8A99FAB71EA5347B00381EEC /* Sources */,
				8A99FAB81EA5347B00381EEC /* Frameworks */,
				8A99FAB91EA5347B00381EEC /* Resources */,
			);
			buildRules = (
			);
			dependencies = (
			);
			name = firstAppPOO;
			productName = firstAppPOO;
			productReference = 8A99FABB1EA5347B00381EEC /* firstAppPOO.app */;
			productType = "com.apple.product-type.application";
		};
/* End PBXNativeTarget section */

/* Begin PBXProject section */
		8A99FAB31EA5347B00381EEC /* Project object */ = {
			isa = PBXProject;
			attributes = {
				LastSwiftUpdateCheck = 0830;
				LastUpgradeCheck = 0830;
				ORGANIZATIONNAME = "Roman Morga Beltran";
				TargetAttributes = {
					8A99FABA1EA5347B00381EEC = {
						CreatedOnToolsVersion = 8.3.1;
						ProvisioningStyle = Automatic;
					};
				};
			};
			buildConfigurationList = 8A99FAB61EA5347B00381EEC /* Build configuration list for PBXProject "firstAppPOO" */;
			compatibilityVersion = "Xcode 3.2";
			developmentRegion = English;
			hasScannedForEncodings = 0;
			knownRegions = (
				en,
				Base,
			);
			mainGroup = 8A99FAB21EA5347B00381EEC;
			productRefGroup = 8A99FABC1EA5347B00381EEC /* Products */;
			projectDirPath = "";
			projectRoot = "";
			targets = (
				8A99FABA1EA5347B00381EEC /* firstAppPOO */,
			);
		};
/* End PBXProject section */

/* Begin PBXResourcesBuildPhase section */
		8A99FAB91EA5347B00381EEC /* Resources */ = {
			isa = PBXResourcesBuildPhase;
			buildActionMask = 2147483647;
			files = (
				8A99FAC91EA5347C00381EEC /* LaunchScreen.storyboard in Resources */,
				8A99FAC61EA5347C00381EEC /* Assets.xcassets in Resources */,
				8A99FAC41EA5347C00381EEC /* Main.storyboard in Resources */,
			);
			runOnlyForDeploymentPostprocessing = 0;
		};
/* End PBXResourcesBuildPhase section */

/* Begin PBXSourcesBuildPhase section */
		8A99FAB71EA5347B00381EEC /* Sources */ = {
			isa = PBXSourcesBuildPhase;
			buildActionMask = 2147483647;
			files = (
				8A6F6C331EA67F160075A124 /* Mazda3Mini.swift in Sources */,
				8A99FAD21EA53E8200381EEC /* Mazda3.swift in Sources */,
				8A99FAC11EA5347B00381EEC /* ViewController.swift in Sources */,
				8A99FABF1EA5347B00381EEC /* AppDelegate.swift in Sources */,
			);
			runOnlyForDeploymentPostprocessing = 0;
		};
/* End PBXSourcesBuildPhase section */

/* Begin PBXVariantGroup section */
		8A99FAC21EA5347C00381EEC /* Main.storyboard */ = {
			isa = PBXVariantGroup;
			children = (
				8A99FAC31EA5347C00381EEC /* Base */,
			);
			name = Main.storyboard;
			sourceTree = "<group>";
		};
		8A99FAC71EA5347C00381EEC /* LaunchScreen.storyboard */ = {
			isa = PBXVariantGroup;
			children = (
				8A99FAC81EA5347C00381EEC /* Base */,
			);
			name = LaunchScreen.storyboard;
			sourceTree = "<group>";
		};
/* End PBXVariantGroup section */

/* Begin XCBuildConfiguration section */
		8A99FACB1EA5347C00381EEC /* Debug */ = {
			isa = XCBuildConfiguration;
			buildSettings = {
				ALWAYS_SEARCH_USER_PATHS = NO;
				CLANG_ANALYZER_NONNULL = YES;
				CLANG_ANALYZER_NUMBER_OBJECT_CONVERSION = YES_AGGRESSIVE;
				CLANG_CXX_LANGUAGE_STANDARD = "gnu++0x";
				CLANG_CXX_LIBRARY = "libc++";
				CLANG_ENABLE_MODULES = YES;
				CLANG_ENABLE_OBJC_ARC = YES;
				CLANG_WARN_BOOL_CONVERSION = YES;
				CLANG_WARN_CONSTANT_CONVERSION = YES;
				CLANG_WARN_DIRECT_OBJC_ISA_USAGE = YES_ERROR;
				CLANG_WARN_DOCUMENTATION_COMMENTS = YES;
				CLANG_WARN_EMPTY_BODY = YES;
				CLANG_WARN_ENUM_CONVERSION = YES;
				CLANG_WARN_INFINITE_RECURSION = YES;
				CLANG_WARN_INT_CONVERSION = YES;
				CLANG_WARN_OBJC_ROOT_CLASS = YES_ERROR;
				CLANG_WARN_SUSPICIOUS_MOVE = YES;
				CLANG_WARN_UNREACHABLE_CODE = YES;
				CLANG_WARN__DUPLICATE_METHOD_MATCH = YES;
				"CODE_SIGN_IDENTITY[sdk=iphoneos*]" = "iPhone Developer";
				COPY_PHASE_STRIP = NO;
				DEBUG_INFORMATION_FORMAT = dwarf;
				ENABLE_STRICT_OBJC_MSGSEND = YES;
				ENABLE_TESTABILITY = YES;
				GCC_C_LANGUAGE_STANDARD = gnu99;
				GCC_DYNAMIC_NO_PIC = NO;
				GCC_NO_COMMON_BLOCKS = YES;
				GCC_OPTIMIZATION_LEVEL = 0;
				GCC_PREPROCESSOR_DEFINITIONS = (
					"DEBUG=1",
					"$(inherited)",
				);
				GCC_WARN_64_TO_32_BIT_CONVERSION = YES;
				GCC_WARN_ABOUT_RETURN_TYPE = YES_ERROR;
				GCC_WARN_UNDECLARED_SELECTOR = YES;
				GCC_WARN_UNINITIALIZED_AUTOS = YES_AGGRESSIVE;
				GCC_WARN_UNUSED_FUNCTION = YES;
				GCC_WARN_UNUSED_VARIABLE = YES;
				IPHONEOS_DEPLOYMENT_TARGET = 10.3;
				MTL_ENABLE_DEBUG_INFO = YES;
				ONLY_ACTIVE_ARCH = YES;
				SDKROOT = iphoneos;
				SWIFT_ACTIVE_COMPILATION_CONDITIONS = DEBUG;
				SWIFT_OPTIMIZATION_LEVEL = "-Onone";
			};
			name = Debug;
		};
		8A99FACC1EA5347C00381EEC /* Release */ = {
			isa = XCBuildConfiguration;
			buildSettings = {
				ALWAYS_SEARCH_USER_PATHS = NO;
				CLANG_ANALYZER_NONNULL = YES;
				CLANG_ANALYZER_NUMBER_OBJECT_CONVERSION = YES_AGGRESSIVE;
				CLANG_CXX_LANGUAGE_STANDARD = "gnu++0x";
				CLANG_CXX_LIBRARY = "libc++";
				CLANG_ENABLE_MODULES = YES;
				CLANG_ENABLE_OBJC_ARC = YES;
				CLANG_WARN_BOOL_CONVERSION = YES;
				CLANG_WARN_CONSTANT_CONVERSION = YES;
				CLANG_WARN_DIRECT_OBJC_ISA_USAGE = YES_ERROR;
				CLANG_WARN_DOCUMENTATION_COMMENTS = YES;
				CLANG_WARN_EMPTY_BODY = YES;
				CLANG_WARN_ENUM_CONVERSION = YES;
				CLANG_WARN_INFINITE_RECURSION = YES;
				CLANG_WARN_INT_CONVERSION = YES;
				CLANG_WARN_OBJC_ROOT_CLASS = YES_ERROR;
				CLANG_WARN_SUSPICIOUS_MOVE = YES;
				CLANG_WARN_UNREACHABLE_CODE = YES;
				CLANG_WARN__DUPLICATE_METHOD_MATCH = YES;
				"CODE_SIGN_IDENTITY[sdk=iphoneos*]" = "iPhone Developer";
				COPY_PHASE_STRIP = NO;
				DEBUG_INFORMATION_FORMAT = "dwarf-with-dsym";
				ENABLE_NS_ASSERTIONS = NO;
				ENABLE_STRICT_OBJC_MSGSEND = YES;
				GCC_C_LANGUAGE_STANDARD = gnu99;
				GCC_NO_COMMON_BLOCKS = YES;
				GCC_WARN_64_TO_32_BIT_CONVERSION = YES;
				GCC_WARN_ABOUT_RETURN_TYPE = YES_ERROR;
				GCC_WARN_UNDECLARED_SELECTOR = YES;
				GCC_WARN_UNINITIALIZED_AUTOS = YES_AGGRESSIVE;
				GCC_WARN_UNUSED_FUNCTION = YES;
				GCC_WARN_UNUSED_VARIABLE = YES;
				IPHONEOS_DEPLOYMENT_TARGET = 10.3;
				MTL_ENABLE_DEBUG_INFO = NO;
				SDKROOT = iphoneos;
				SWIFT_OPTIMIZATION_LEVEL = "-Owholemodule";
				VALIDATE_PRODUCT = YES;
			};
			name = Release;
		};
		8A99FACE1EA5347C00381EEC /* Debug */ = {
			isa = XCBuildConfiguration;
			buildSettings = {
				ASSETCATALOG_COMPILER_APPICON_NAME = AppIcon;
				INFOPLIST_FILE = firstAppPOO/Info.plist;
				IPHONEOS_DEPLOYMENT_TARGET = 10.3;
				LD_RUNPATH_SEARCH_PATHS = "$(inherited) @executable_path/Frameworks";
				PRODUCT_BUNDLE_IDENTIFIER = com.morga.firstAppPOO;
				PRODUCT_NAME = "$(TARGET_NAME)";
				SWIFT_VERSION = 3.0;
				TARGETED_DEVICE_FAMILY = 1;
			};
			name = Debug;
		};
		8A99FACF1EA5347C00381EEC /* Release */ = {
			isa = XCBuildConfiguration;
			buildSettings = {
				ASSETCATALOG_COMPILER_APPICON_NAME = AppIcon;
				INFOPLIST_FILE = firstAppPOO/Info.plist;
				IPHONEOS_DEPLOYMENT_TARGET = 10.3;
				LD_RUNPATH_SEARCH_PATHS = "$(inherited) @executable_path/Frameworks";
				PRODUCT_BUNDLE_IDENTIFIER = com.morga.firstAppPOO;
				PRODUCT_NAME = "$(TARGET_NAME)";
				SWIFT_VERSION = 3.0;
				TARGETED_DEVICE_FAMILY = 1;
			};
			name = Release;
		};
/* End XCBuildConfiguration section */

/* Begin XCConfigurationList section */
		8A99FAB61EA5347B00381EEC /* Build configuration list for PBXProject "firstAppPOO" */ = {
			isa = XCConfigurationList;
			buildConfigurations = (
				8A99FACB1EA5347C00381EEC /* Debug */,
				8A99FACC1EA5347C00381EEC /* Release */,
			);
			defaultConfigurationIsVisible = 0;
			defaultConfigurationName = Release;
		};
		8A99FACD1EA5347C00381EEC /* Build configuration list for PBXNativeTarget "firstAppPOO" */ = {
			isa = XCConfigurationList;
			buildConfigurations = (
				8A99FACE1EA5347C00381EEC /* Debug */,
				8A99FACF1EA5347C00381EEC /* Release */,
			);
			defaultConfigurationIsVisible = 0;
			defaultConfigurationName = Release;
		};
/* End XCConfigurationList section */
	};
	rootObject = 8A99FAB31EA5347B00381EEC /* Project object */;
}
